<?xml version="1.0" encoding="utf-8"?>
<Project ToolsVersion="4.0" xmlns="http://schemas.microsoft.com/developer/msbuild/2003">
  <ItemGroup>
    <Filter Include="소스 파일">
      <UniqueIdentifier>{4FC737F1-C7A5-4376-A066-2A32D752A2FF}</UniqueIdentifier>
      <Extensions>cpp;c;cc;cxx;def;odl;idl;hpj;bat;asm;asmx</Extensions>
    </Filter>
    <Filter Include="헤더 파일">
      <UniqueIdentifier>{93995380-89BD-4b04-88EB-625FBE52EBFB}</UniqueIdentifier>
      <Extensions>h;hh;hpp;hxx;hm;inl;inc;ipp;xsd</Extensions>
    </Filter>
    <Filter Include="리소스 파일">
      <UniqueIdentifier>{67DA6AB6-F800-4c08-8B7A-83BB121AAD01}</UniqueIdentifier>
      <Extensions>rc;ico;cur;bmp;dlg;rc2;rct;bin;rgs;gif;jpg;jpeg;jpe;resx;tiff;tif;png;wav;mfcribbon-ms</Extensions>
    </Filter>
  </ItemGroup>
  <ItemGroup>
    <ClCompile Include="add(!stl).cpp">
      <Filter>소스 파일</Filter>
    </ClCompile>
    <ClCompile Include="add.cpp">
      <Filter>소스 파일</Filter>
    </ClCompile>
    <ClCompile Include="block.cpp">
      <Filter>소스 파일</Filter>
    </ClCompile>
    <ClCompile Include="calender.cpp">
      <Filter>소스 파일</Filter>
    </ClCompile>
    <ClCompile Include="calender빈.cpp">
      <Filter>소스 파일</Filter>
    </ClCompile>
    <ClCompile Include="calender철.cpp">
      <Filter>소스 파일</Filter>
    </ClCompile>
    <ClCompile Include="cross.cpp">
      <Filter>소스 파일</Filter>
    </ClCompile>
    <ClCompile Include="cycle.cpp">
      <Filter>소스 파일</Filter>
    </ClCompile>
    <ClCompile Include="dice.cpp">
      <Filter>소스 파일</Filter>
    </ClCompile>
    <ClCompile Include="die.cpp">
      <Filter>소스 파일</Filter>
    </ClCompile>
    <ClCompile Include="dijkstra.cpp">
      <Filter>소스 파일</Filter>
    </ClCompile>
    <ClCompile Include="dish.cpp">
      <Filter>소스 파일</Filter>
    </ClCompile>
    <ClCompile Include="entrance.cpp">
      <Filter>소스 파일</Filter>
    </ClCompile>
    <ClCompile Include="exam.cpp">
      <Filter>소스 파일</Filter>
    </ClCompile>
    <ClCompile Include="family.cpp">
      <Filter>소스 파일</Filter>
    </ClCompile>
    <ClCompile Include="frog.cpp">
      <Filter>소스 파일</Filter>
    </ClCompile>
    <ClCompile Include="graph.cpp">
      <Filter>소스 파일</Filter>
    </ClCompile>
    <ClCompile Include="graph_class.cpp">
      <Filter>소스 파일</Filter>
    </ClCompile>
    <ClCompile Include="graph도나.cpp">
      <Filter>소스 파일</Filter>
    </ClCompile>
    <ClCompile Include="grid1.cpp">
      <Filter>소스 파일</Filter>
    </ClCompile>
    <ClCompile Include="grid2.cpp">
      <Filter>소스 파일</Filter>
    </ClCompile>
    <ClCompile Include="line.cpp">
      <Filter>소스 파일</Filter>
    </ClCompile>
    <ClCompile Include="line2.cpp">
      <Filter>소스 파일</Filter>
    </ClCompile>
    <ClCompile Include="line빈.cpp">
      <Filter>소스 파일</Filter>
    </ClCompile>
    <ClCompile Include="mail.cpp">
      <Filter>소스 파일</Filter>
    </ClCompile>
    <ClCompile Include="matrix.cpp">
      <Filter>소스 파일</Filter>
    </ClCompile>
    <ClCompile Include="mst.cpp">
      <Filter>소스 파일</Filter>
    </ClCompile>
    <ClCompile Include="numgame.cpp">
      <Filter>소스 파일</Filter>
    </ClCompile>
    <ClCompile Include="numgame도나.cpp">
      <Filter>소스 파일</Filter>
    </ClCompile>
    <ClCompile Include="paper.cpp">
      <Filter>소스 파일</Filter>
    </ClCompile>
    <ClCompile Include="sequence.cpp">
      <Filter>소스 파일</Filter>
    </ClCompile>
    <ClCompile Include="soccer.cpp">
      <Filter>소스 파일</Filter>
    </ClCompile>
    <ClCompile Include="spreadsheet.cpp">
      <Filter>소스 파일</Filter>
    </ClCompile>
    <ClCompile Include="string.cpp">
      <Filter>소스 파일</Filter>
    </ClCompile>
    <ClCompile Include="timeline.cpp">
      <Filter>소스 파일</Filter>
    </ClCompile>
    <ClCompile Include="tree.cpp">
      <Filter>소스 파일</Filter>
    </ClCompile>
    <ClCompile Include="tree2.cpp">
      <Filter>소스 파일</Filter>
    </ClCompile>
    <ClCompile Include="tree3.cpp">
      <Filter>소스 파일</Filter>
    </ClCompile>
  </ItemGroup>
</Project>